
Microsoft Visual Studio Solution File, Format Version 12.00
# Visual Studio Version 16
VisualStudioVersion = 16.6.30114.105
MinimumVisualStudioVersion = 10.0.40219.1
Project("{FAE04EC0-301F-11D3-BF4B-00C04F79EFBC}") = "API", "API\API.csproj", "{85EA2899-5605-4D83-A874-9EAE469BABDD}"
EndProject
Project("{FAE04EC0-301F-11D3-BF4B-00C04F79EFBC}") = "Core", "Core\Core.csproj", "{26F46AF8-E9E8-43DC-A499-F289C83878DF}"
EndProject
Project("{FAE04EC0-301F-11D3-BF4B-00C04F79EFBC}") = "Infrastructure", "Infrastructure\Infrastructure.csproj", "{CCC384F3-86EB-42EF-B1D9-C821957099D4}"
EndProject
Global
	GlobalSection(SolutionConfigurationPlatforms) = preSolution
		Debug|Any CPU = Debug|Any CPU
		Debug|x64 = Debug|x64
		Debug|x86 = Debug|x86
		Release|Any CPU = Release|Any CPU
		Release|x64 = Release|x64
		Release|x86 = Release|x86
	EndGlobalSection
	GlobalSection(SolutionProperties) = preSolution
		HideSolutionNode = FALSE
	EndGlobalSection
	GlobalSection(ProjectConfigurationPlatforms) = postSolution
		{85EA2899-5605-4D83-A874-9EAE469BABDD}.Debug|Any CPU.ActiveCfg = Debug|Any CPU
		{85EA2899-5605-4D83-A874-9EAE469BABDD}.Debug|Any CPU.Build.0 = Debug|Any CPU
		{85EA2899-5605-4D83-A874-9EAE469BABDD}.Debug|x64.ActiveCfg = Debug|Any CPU
		{85EA2899-5605-4D83-A874-9EAE469BABDD}.Debug|x64.Build.0 = Debug|Any CPU
		{85EA2899-5605-4D83-A874-9EAE469BABDD}.Debug|x86.ActiveCfg = Debug|Any CPU
		{85EA2899-5605-4D83-A874-9EAE469BABDD}.Debug|x86.Build.0 = Debug|Any CPU
		{85EA2899-5605-4D83-A874-9EAE469BABDD}.Release|Any CPU.ActiveCfg = Release|Any CPU
		{85EA2899-5605-4D83-A874-9EAE469BABDD}.Release|Any CPU.Build.0 = Release|Any CPU
		{85EA2899-5605-4D83-A874-9EAE469BABDD}.Release|x64.ActiveCfg = Release|Any CPU
		{85EA2899-5605-4D83-A874-9EAE469BABDD}.Release|x64.Build.0 = Release|Any CPU
		{85EA2899-5605-4D83-A874-9EAE469BABDD}.Release|x86.ActiveCfg = Release|Any CPU
		{85EA2899-5605-4D83-A874-9EAE469BABDD}.Release|x86.Build.0 = Release|Any CPU
		{26F46AF8-E9E8-43DC-A499-F289C83878DF}.Debug|Any CPU.ActiveCfg = Debug|Any CPU
		{26F46AF8-E9E8-43DC-A499-F289C83878DF}.Debug|Any CPU.Build.0 = Debug|Any CPU
		{26F46AF8-E9E8-43DC-A499-F289C83878DF}.Debug|x64.ActiveCfg = Debug|Any CPU
		{26F46AF8-E9E8-43DC-A499-F289C83878DF}.Debug|x64.Build.0 = Debug|Any CPU
		{26F46AF8-E9E8-43DC-A499-F289C83878DF}.Debug|x86.ActiveCfg = Debug|Any CPU
		{26F46AF8-E9E8-43DC-A499-F289C83878DF}.Debug|x86.Build.0 = Debug|Any CPU
		{26F46AF8-E9E8-43DC-A499-F289C83878DF}.Release|Any CPU.ActiveCfg = Release|Any CPU
		{26F46AF8-E9E8-43DC-A499-F289C83878DF}.Release|Any CPU.Build.0 = Release|Any CPU
		{26F46AF8-E9E8-43DC-A499-F289C83878DF}.Release|x64.ActiveCfg = Release|Any CPU
		{26F46AF8-E9E8-43DC-A499-F289C83878DF}.Release|x64.Build.0 = Release|Any CPU
		{26F46AF8-E9E8-43DC-A499-F289C83878DF}.Release|x86.ActiveCfg = Release|Any CPU
		{26F46AF8-E9E8-43DC-A499-F289C83878DF}.Release|x86.Build.0 = Release|Any CPU
		{CCC384F3-86EB-42EF-B1D9-C821957099D4}.Debug|Any CPU.ActiveCfg = Debug|Any CPU
		{CCC384F3-86EB-42EF-B1D9-C821957099D4}.Debug|Any CPU.Build.0 = Debug|Any CPU
		{CCC384F3-86EB-42EF-B1D9-C821957099D4}.Debug|x64.ActiveCfg = Debug|Any CPU
		{CCC384F3-86EB-42EF-B1D9-C821957099D4}.Debug|x64.Build.0 = Debug|Any CPU
		{CCC384F3-86EB-42EF-B1D9-C821957099D4}.Debug|x86.ActiveCfg = Debug|Any CPU
		{CCC384F3-86EB-42EF-B1D9-C821957099D4}.Debug|x86.Build.0 = Debug|Any CPU
		{CCC384F3-86EB-42EF-B1D9-C821957099D4}.Release|Any CPU.ActiveCfg = Release|Any CPU
		{CCC384F3-86EB-42EF-B1D9-C821957099D4}.Release|Any CPU.Build.0 = Release|Any CPU
		{CCC384F3-86EB-42EF-B1D9-C821957099D4}.Release|x64.ActiveCfg = Release|Any CPU
		{CCC384F3-86EB-42EF-B1D9-C821957099D4}.Release|x64.Build.0 = Release|Any CPU
		{CCC384F3-86EB-42EF-B1D9-C821957099D4}.Release|x86.ActiveCfg = Release|Any CPU
		{CCC384F3-86EB-42EF-B1D9-C821957099D4}.Release|x86.Build.0 = Release|Any CPU
	EndGlobalSection
EndGlobal
